{
  "name": "mapserver",
  "lockfileVersion": 2,
  "requires": true,
  "packages": {
    "": {
      "dependencies": {
        "@types/yandex-maps": "^2.1.14"
      }
    },
    "node_modules/@types/yandex-maps": {
      "version": "2.1.14",
      "resolved": "https://registry.npmjs.org/@types/yandex-maps/-/yandex-maps-2.1.14.tgz",
      "integrity": "sha512-9ZXrZD27KT3oI4k3XKLg2N18RB1YB11WCAjVHStMq9/yUDK0QzKPClrw4wNZ+zvXT60fmiTYUoZbntBKd/jGVg=="
    }
  },
  "dependencies": {
    "@types/yandex-maps": {
      "version": "2.1.14",
      "resolved": "https://registry.npmjs.org/@types/yandex-maps/-/yandex-maps-2.1.14.tgz",
      "integrity": "sha512-9ZXrZD27KT3oI4k3XKLg2N18RB1YB11WCAjVHStMq9/yUDK0QzKPClrw4wNZ+zvXT60fmiTYUoZbntBKd/jGVg=="
    }
  }
}
